{
  "object": {
    "pins": [
      {
        "package": "PINOperation",
        "repositoryURL": "https://github.com/pinterest/PINOperation",
        "state": {
          "branch": "master",
          "revision": "2dc623bda4bc22100f76d97bb4bbf0227f2ff8c7",
          "version": null
        }
      }
    ]
  },
  "version": 1
}
